{
  "name": "omnindicator",
  "version": "0.1.6",
  "lockfileVersion": 3,
  "requires": true,
  "packages": {
    "": {
      "name": "omnindicator",
      "version": "0.1.6",
      "license": "Apache-2.0",
      "bin": {
        "omnindicator": "npm/omnindicator/bin/omnindicator.js"
      },
      "engines": {
        "node": ">=18.18"
      }
    }
  }
}
